
Microsoft Visual Studio Solution File, Format Version 12.00
# Visual Studio Version 16
VisualStudioVersion = 16.0.31205.134
MinimumVisualStudioVersion = 10.0.40219.1
Project("{FAE04EC0-301F-11D3-BF4B-00C04F79EFBC}") = "StockApi", "StockApi.csproj", "{BADC8AA8-818A-491D-82CD-1F0BDFE3C8FD}"
EndProject
Global
	GlobalSection(SolutionConfigurationPlatforms) = preSolution
		Debug|Any CPU = Debug|Any CPU
		Release|Any CPU = Release|Any CPU
	EndGlobalSection
	GlobalSection(ProjectConfigurationPlatforms) = postSolution
		{BADC8AA8-818A-491D-82CD-1F0BDFE3C8FD}.Debug|Any CPU.ActiveCfg = Debug|Any CPU
		{BADC8AA8-818A-491D-82CD-1F0BDFE3C8FD}.Debug|Any CPU.Build.0 = Debug|Any CPU
		{BADC8AA8-818A-491D-82CD-1F0BDFE3C8FD}.Release|Any CPU.ActiveCfg = Release|Any CPU
		{BADC8AA8-818A-491D-82CD-1F0BDFE3C8FD}.Release|Any CPU.Build.0 = Release|Any CPU
	EndGlobalSection
	GlobalSection(SolutionProperties) = preSolution
		HideSolutionNode = FALSE
	EndGlobalSection
	GlobalSection(ExtensibilityGlobals) = postSolution
		SolutionGuid = {6FC077CF-40E1-46DD-A3E2-3CE23E056EE9}
	EndGlobalSection
EndGlobal
